
Microsoft Visual Studio Solution File, Format Version 12.00
Project("{FAE04EC0-301F-11D3-BF4B-00C04F79EFBC}") = "kol01", "kol01.csproj", "{96671A7D-0296-417F-AED1-DB839A0219DD}"
EndProject
Global
	GlobalSection(SolutionConfigurationPlatforms) = preSolution
		Debug|Any CPU = Debug|Any CPU
		Release|Any CPU = Release|Any CPU
	EndGlobalSection
	GlobalSection(ProjectConfigurationPlatforms) = postSolution
		{96671A7D-0296-417F-AED1-DB839A0219DD}.Debug|Any CPU.ActiveCfg = Debug|Any CPU
		{96671A7D-0296-417F-AED1-DB839A0219DD}.Debug|Any CPU.Build.0 = Debug|Any CPU
		{96671A7D-0296-417F-AED1-DB839A0219DD}.Release|Any CPU.ActiveCfg = Release|Any CPU
		{96671A7D-0296-417F-AED1-DB839A0219DD}.Release|Any CPU.Build.0 = Release|Any CPU
	EndGlobalSection
EndGlobal
