
Microsoft Visual Studio Solution File, Format Version 12.00
Project("{FAE04EC0-301F-11D3-BF4B-00C04F79EFBC}") = "c12", "c12.csproj", "{C5219BF3-51EA-4111-BF1E-8D6C96D91F18}"
EndProject
Global
	GlobalSection(SolutionConfigurationPlatforms) = preSolution
		Debug|Any CPU = Debug|Any CPU
		Release|Any CPU = Release|Any CPU
	EndGlobalSection
	GlobalSection(ProjectConfigurationPlatforms) = postSolution
		{C5219BF3-51EA-4111-BF1E-8D6C96D91F18}.Debug|Any CPU.ActiveCfg = Debug|Any CPU
		{C5219BF3-51EA-4111-BF1E-8D6C96D91F18}.Debug|Any CPU.Build.0 = Debug|Any CPU
		{C5219BF3-51EA-4111-BF1E-8D6C96D91F18}.Release|Any CPU.ActiveCfg = Release|Any CPU
		{C5219BF3-51EA-4111-BF1E-8D6C96D91F18}.Release|Any CPU.Build.0 = Release|Any CPU
	EndGlobalSection
EndGlobal
