
Microsoft Visual Studio Solution File, Format Version 12.00
Project("{FAE04EC0-301F-11D3-BF4B-00C04F79EFBC}") = "c08", "c08.csproj", "{E0975BAC-12F2-4782-830A-E36B7E6CC2ED}"
EndProject
Global
	GlobalSection(SolutionConfigurationPlatforms) = preSolution
		Debug|Any CPU = Debug|Any CPU
		Release|Any CPU = Release|Any CPU
	EndGlobalSection
	GlobalSection(ProjectConfigurationPlatforms) = postSolution
		{E0975BAC-12F2-4782-830A-E36B7E6CC2ED}.Debug|Any CPU.ActiveCfg = Debug|Any CPU
		{E0975BAC-12F2-4782-830A-E36B7E6CC2ED}.Debug|Any CPU.Build.0 = Debug|Any CPU
		{E0975BAC-12F2-4782-830A-E36B7E6CC2ED}.Release|Any CPU.ActiveCfg = Release|Any CPU
		{E0975BAC-12F2-4782-830A-E36B7E6CC2ED}.Release|Any CPU.Build.0 = Release|Any CPU
	EndGlobalSection
EndGlobal
